
Microsoft Visual Studio Solution File, Format Version 11.00
# Visual Studio 2010
Project("{FAE04EC0-301F-11D3-BF4B-00C04F79EFBC}") = "MvcApplication1", "MvcApplication1\MvcApplication1.csproj", "{99665B7B-0C56-4FF7-9BDC-D7FE4360A949}"
EndProject
Global
	GlobalSection(SolutionConfigurationPlatforms) = preSolution
		Debug|Any CPU = Debug|Any CPU
		Release|Any CPU = Release|Any CPU
	EndGlobalSection
	GlobalSection(ProjectConfigurationPlatforms) = postSolution
		{99665B7B-0C56-4FF7-9BDC-D7FE4360A949}.Debug|Any CPU.ActiveCfg = Debug|Any CPU
		{99665B7B-0C56-4FF7-9BDC-D7FE4360A949}.Debug|Any CPU.Build.0 = Debug|Any CPU
		{99665B7B-0C56-4FF7-9BDC-D7FE4360A949}.Release|Any CPU.ActiveCfg = Release|Any CPU
		{99665B7B-0C56-4FF7-9BDC-D7FE4360A949}.Release|Any CPU.Build.0 = Release|Any CPU
	EndGlobalSection
	GlobalSection(SolutionProperties) = preSolution
		HideSolutionNode = FALSE
	EndGlobalSection
EndGlobal
